
Microsoft Visual Studio Solution File, Format Version 12.00
# Visual Studio Version 17
VisualStudioVersion = 17.5.2.0
MinimumVisualStudioVersion = 10.0.40219.1
Project("{FAE04EC0-301F-11D3-BF4B-00C04F79EFBC}") = "ECommerceApi", "ECommerceApi.csproj", "{5DC55AC5-3F42-9DBC-B445-8C52F2920A6D}"
EndProject
Project("{FAE04EC0-301F-11D3-BF4B-00C04F79EFBC}") = "ECommerceApi.UnitTests", "..\tests\ECommerceApi.UnitTests\ECommerceApi.UnitTests.csproj", "{2FB9164B-DF06-4F63-BFA9-23A25DBE14CF}"
EndProject
Project("{FAE04EC0-301F-11D3-BF4B-00C04F79EFBC}") = "ECommerceApi.IntegrationTests", "..\tests\ECommerceApi.IntegrationTests\ECommerceApi.IntegrationTests.csproj", "{D3041CD5-F09A-4301-A8F3-C73B705720D1}"
EndProject
Global
	GlobalSection(SolutionConfigurationPlatforms) = preSolution
		Debug|Any CPU = Debug|Any CPU
		Debug|x64 = Debug|x64
		Debug|x86 = Debug|x86
		Release|Any CPU = Release|Any CPU
		Release|x64 = Release|x64
		Release|x86 = Release|x86
	EndGlobalSection
	GlobalSection(ProjectConfigurationPlatforms) = postSolution
		{5DC55AC5-3F42-9DBC-B445-8C52F2920A6D}.Debug|Any CPU.ActiveCfg = Debug|Any CPU
		{5DC55AC5-3F42-9DBC-B445-8C52F2920A6D}.Debug|Any CPU.Build.0 = Debug|Any CPU
		{5DC55AC5-3F42-9DBC-B445-8C52F2920A6D}.Debug|x64.ActiveCfg = Debug|Any CPU
		{5DC55AC5-3F42-9DBC-B445-8C52F2920A6D}.Debug|x64.Build.0 = Debug|Any CPU
		{5DC55AC5-3F42-9DBC-B445-8C52F2920A6D}.Debug|x86.ActiveCfg = Debug|Any CPU
		{5DC55AC5-3F42-9DBC-B445-8C52F2920A6D}.Debug|x86.Build.0 = Debug|Any CPU
		{5DC55AC5-3F42-9DBC-B445-8C52F2920A6D}.Release|Any CPU.ActiveCfg = Release|Any CPU
		{5DC55AC5-3F42-9DBC-B445-8C52F2920A6D}.Release|Any CPU.Build.0 = Release|Any CPU
		{5DC55AC5-3F42-9DBC-B445-8C52F2920A6D}.Release|x64.ActiveCfg = Release|Any CPU
		{5DC55AC5-3F42-9DBC-B445-8C52F2920A6D}.Release|x64.Build.0 = Release|Any CPU
		{5DC55AC5-3F42-9DBC-B445-8C52F2920A6D}.Release|x86.ActiveCfg = Release|Any CPU
		{5DC55AC5-3F42-9DBC-B445-8C52F2920A6D}.Release|x86.Build.0 = Release|Any CPU
		{2FB9164B-DF06-4F63-BFA9-23A25DBE14CF}.Debug|Any CPU.ActiveCfg = Debug|Any CPU
		{2FB9164B-DF06-4F63-BFA9-23A25DBE14CF}.Debug|Any CPU.Build.0 = Debug|Any CPU
		{2FB9164B-DF06-4F63-BFA9-23A25DBE14CF}.Debug|x64.ActiveCfg = Debug|Any CPU
		{2FB9164B-DF06-4F63-BFA9-23A25DBE14CF}.Debug|x64.Build.0 = Debug|Any CPU
		{2FB9164B-DF06-4F63-BFA9-23A25DBE14CF}.Debug|x86.ActiveCfg = Debug|Any CPU
		{2FB9164B-DF06-4F63-BFA9-23A25DBE14CF}.Debug|x86.Build.0 = Debug|Any CPU
		{2FB9164B-DF06-4F63-BFA9-23A25DBE14CF}.Release|Any CPU.ActiveCfg = Release|Any CPU
		{2FB9164B-DF06-4F63-BFA9-23A25DBE14CF}.Release|Any CPU.Build.0 = Release|Any CPU
		{2FB9164B-DF06-4F63-BFA9-23A25DBE14CF}.Release|x64.ActiveCfg = Release|Any CPU
		{2FB9164B-DF06-4F63-BFA9-23A25DBE14CF}.Release|x64.Build.0 = Release|Any CPU
		{2FB9164B-DF06-4F63-BFA9-23A25DBE14CF}.Release|x86.ActiveCfg = Release|Any CPU
		{2FB9164B-DF06-4F63-BFA9-23A25DBE14CF}.Release|x86.Build.0 = Release|Any CPU
		{D3041CD5-F09A-4301-A8F3-C73B705720D1}.Debug|Any CPU.ActiveCfg = Debug|Any CPU
		{D3041CD5-F09A-4301-A8F3-C73B705720D1}.Debug|Any CPU.Build.0 = Debug|Any CPU
		{D3041CD5-F09A-4301-A8F3-C73B705720D1}.Debug|x64.ActiveCfg = Debug|Any CPU
		{D3041CD5-F09A-4301-A8F3-C73B705720D1}.Debug|x64.Build.0 = Debug|Any CPU
		{D3041CD5-F09A-4301-A8F3-C73B705720D1}.Debug|x86.ActiveCfg = Debug|Any CPU
		{D3041CD5-F09A-4301-A8F3-C73B705720D1}.Debug|x86.Build.0 = Debug|Any CPU
		{D3041CD5-F09A-4301-A8F3-C73B705720D1}.Release|Any CPU.ActiveCfg = Release|Any CPU
		{D3041CD5-F09A-4301-A8F3-C73B705720D1}.Release|Any CPU.Build.0 = Release|Any CPU
		{D3041CD5-F09A-4301-A8F3-C73B705720D1}.Release|x64.ActiveCfg = Release|Any CPU
		{D3041CD5-F09A-4301-A8F3-C73B705720D1}.Release|x64.Build.0 = Release|Any CPU
		{D3041CD5-F09A-4301-A8F3-C73B705720D1}.Release|x86.ActiveCfg = Release|Any CPU
		{D3041CD5-F09A-4301-A8F3-C73B705720D1}.Release|x86.Build.0 = Release|Any CPU
	EndGlobalSection
	GlobalSection(SolutionProperties) = preSolution
		HideSolutionNode = FALSE
	EndGlobalSection
	GlobalSection(ExtensibilityGlobals) = postSolution
		SolutionGuid = {C89E3185-4FEB-4A50-9BD8-B0D1646730BC}
	EndGlobalSection
EndGlobal
